
Microsoft Visual Studio Solution File, Format Version 12.00
# Visual Studio Version 17
VisualStudioVersion = 17.12.35527.113
MinimumVisualStudioVersion = 10.0.40219.1
Project("{FAE04EC0-301F-11D3-BF4B-00C04F79EFBC}") = "AdvertisementMessage", "AdvertisementMessage\AdvertisementMessage.csproj", "{94534E0D-949A-4A0D-9086-1F3F72F91319}"
EndProject
Project("{FAE04EC0-301F-11D3-BF4B-00C04F79EFBC}") = "TeamworkProjects", "TeamworkProjects\TeamworkProjects.csproj", "{A88F1432-01CD-41D2-88F2-6E48FCB29B2A}"
EndProject
Project("{FAE04EC0-301F-11D3-BF4B-00C04F79EFBC}") = "Articles", "Articles\Articles.csproj", "{F1DAEF89-20B9-4001-B39C-E77390EA0400}"
EndProject
Project("{FAE04EC0-301F-11D3-BF4B-00C04F79EFBC}") = "Article2.0", "Article2.0\Article2.0.csproj", "{74587FD4-39CB-4AB4-AF0A-3B3AE7E96A7F}"
EndProject
Project("{FAE04EC0-301F-11D3-BF4B-00C04F79EFBC}") = "Students", "Students\Students.csproj", "{DB564881-B7DB-4CA9-96ED-D849BC57B7E2}"
EndProject
Project("{FAE04EC0-301F-11D3-BF4B-00C04F79EFBC}") = "VehicleCatalogue", "VehicleCatalogue\VehicleCatalogue.csproj", "{66C32FB3-A362-4D10-87E5-657AB46DD972}"
EndProject
Global
	GlobalSection(SolutionConfigurationPlatforms) = preSolution
		Debug|Any CPU = Debug|Any CPU
		Release|Any CPU = Release|Any CPU
	EndGlobalSection
	GlobalSection(ProjectConfigurationPlatforms) = postSolution
		{94534E0D-949A-4A0D-9086-1F3F72F91319}.Debug|Any CPU.ActiveCfg = Debug|Any CPU
		{94534E0D-949A-4A0D-9086-1F3F72F91319}.Debug|Any CPU.Build.0 = Debug|Any CPU
		{94534E0D-949A-4A0D-9086-1F3F72F91319}.Release|Any CPU.ActiveCfg = Release|Any CPU
		{94534E0D-949A-4A0D-9086-1F3F72F91319}.Release|Any CPU.Build.0 = Release|Any CPU
		{A88F1432-01CD-41D2-88F2-6E48FCB29B2A}.Debug|Any CPU.ActiveCfg = Debug|Any CPU
		{A88F1432-01CD-41D2-88F2-6E48FCB29B2A}.Debug|Any CPU.Build.0 = Debug|Any CPU
		{A88F1432-01CD-41D2-88F2-6E48FCB29B2A}.Release|Any CPU.ActiveCfg = Release|Any CPU
		{A88F1432-01CD-41D2-88F2-6E48FCB29B2A}.Release|Any CPU.Build.0 = Release|Any CPU
		{F1DAEF89-20B9-4001-B39C-E77390EA0400}.Debug|Any CPU.ActiveCfg = Debug|Any CPU
		{F1DAEF89-20B9-4001-B39C-E77390EA0400}.Debug|Any CPU.Build.0 = Debug|Any CPU
		{F1DAEF89-20B9-4001-B39C-E77390EA0400}.Release|Any CPU.ActiveCfg = Release|Any CPU
		{F1DAEF89-20B9-4001-B39C-E77390EA0400}.Release|Any CPU.Build.0 = Release|Any CPU
		{74587FD4-39CB-4AB4-AF0A-3B3AE7E96A7F}.Debug|Any CPU.ActiveCfg = Debug|Any CPU
		{74587FD4-39CB-4AB4-AF0A-3B3AE7E96A7F}.Debug|Any CPU.Build.0 = Debug|Any CPU
		{74587FD4-39CB-4AB4-AF0A-3B3AE7E96A7F}.Release|Any CPU.ActiveCfg = Release|Any CPU
		{74587FD4-39CB-4AB4-AF0A-3B3AE7E96A7F}.Release|Any CPU.Build.0 = Release|Any CPU
		{DB564881-B7DB-4CA9-96ED-D849BC57B7E2}.Debug|Any CPU.ActiveCfg = Debug|Any CPU
		{DB564881-B7DB-4CA9-96ED-D849BC57B7E2}.Debug|Any CPU.Build.0 = Debug|Any CPU
		{DB564881-B7DB-4CA9-96ED-D849BC57B7E2}.Release|Any CPU.ActiveCfg = Release|Any CPU
		{DB564881-B7DB-4CA9-96ED-D849BC57B7E2}.Release|Any CPU.Build.0 = Release|Any CPU
		{66C32FB3-A362-4D10-87E5-657AB46DD972}.Debug|Any CPU.ActiveCfg = Debug|Any CPU
		{66C32FB3-A362-4D10-87E5-657AB46DD972}.Debug|Any CPU.Build.0 = Debug|Any CPU
		{66C32FB3-A362-4D10-87E5-657AB46DD972}.Release|Any CPU.ActiveCfg = Release|Any CPU
		{66C32FB3-A362-4D10-87E5-657AB46DD972}.Release|Any CPU.Build.0 = Release|Any CPU
	EndGlobalSection
	GlobalSection(SolutionProperties) = preSolution
		HideSolutionNode = FALSE
	EndGlobalSection
EndGlobal
